
Microsoft Visual Studio Solution File, Format Version 12.00
# Visual Studio Version 17
VisualStudioVersion = 17.14.36109.1 d17.14
MinimumVisualStudioVersion = 10.0.40219.1
Project("{FAE04EC0-301F-11D3-BF4B-00C04F79EFBC}") = "MyWebApiApp", "MyWebApiApp\MyWebApiApp.csproj", "{4F208D39-A742-4B63-8CE4-38AC1AA6C08B}"
EndProject
Global
	GlobalSection(SolutionConfigurationPlatforms) = preSolution
		Debug|Any CPU = Debug|Any CPU
		Release|Any CPU = Release|Any CPU
	EndGlobalSection
	GlobalSection(ProjectConfigurationPlatforms) = postSolution
		{4F208D39-A742-4B63-8CE4-38AC1AA6C08B}.Debug|Any CPU.ActiveCfg = Debug|Any CPU
		{4F208D39-A742-4B63-8CE4-38AC1AA6C08B}.Debug|Any CPU.Build.0 = Debug|Any CPU
		{4F208D39-A742-4B63-8CE4-38AC1AA6C08B}.Release|Any CPU.ActiveCfg = Release|Any CPU
		{4F208D39-A742-4B63-8CE4-38AC1AA6C08B}.Release|Any CPU.Build.0 = Release|Any CPU
	EndGlobalSection
	GlobalSection(SolutionProperties) = preSolution
		HideSolutionNode = FALSE
	EndGlobalSection
	GlobalSection(ExtensibilityGlobals) = postSolution
		SolutionGuid = {54173C8E-E4DE-46DD-A45B-ADB2393ED3C8}
	EndGlobalSection
EndGlobal
